
Microsoft Visual Studio Solution File, Format Version 12.00
# Visual Studio 2013
VisualStudioVersion = 12.0.31101.0
MinimumVisualStudioVersion = 10.0.40219.1
Project("{FAE04EC0-301F-11D3-BF4B-00C04F79EFBC}") = "Application", "Application\Application.csproj", "{484830B8-66D1-4FD2-BD2C-FDC162C6618E}"
EndProject
Project("{FAE04EC0-301F-11D3-BF4B-00C04F79EFBC}") = "WebApp", "WebApp\WebApp.csproj", "{FF30F819-EDC3-414C-9BE1-9EB8231A5F98}"
EndProject
Global
	GlobalSection(SolutionConfigurationPlatforms) = preSolution
		Debug|Any CPU = Debug|Any CPU
		Release|Any CPU = Release|Any CPU
	EndGlobalSection
	GlobalSection(ProjectConfigurationPlatforms) = postSolution
		{484830B8-66D1-4FD2-BD2C-FDC162C6618E}.Debug|Any CPU.ActiveCfg = Debug|Any CPU
		{484830B8-66D1-4FD2-BD2C-FDC162C6618E}.Debug|Any CPU.Build.0 = Debug|Any CPU
		{484830B8-66D1-4FD2-BD2C-FDC162C6618E}.Release|Any CPU.ActiveCfg = Release|Any CPU
		{484830B8-66D1-4FD2-BD2C-FDC162C6618E}.Release|Any CPU.Build.0 = Release|Any CPU
		{FF30F819-EDC3-414C-9BE1-9EB8231A5F98}.Debug|Any CPU.ActiveCfg = Debug|Any CPU
		{FF30F819-EDC3-414C-9BE1-9EB8231A5F98}.Debug|Any CPU.Build.0 = Debug|Any CPU
		{FF30F819-EDC3-414C-9BE1-9EB8231A5F98}.Release|Any CPU.ActiveCfg = Release|Any CPU
		{FF30F819-EDC3-414C-9BE1-9EB8231A5F98}.Release|Any CPU.Build.0 = Release|Any CPU
	EndGlobalSection
	GlobalSection(SolutionProperties) = preSolution
		HideSolutionNode = FALSE
	EndGlobalSection
EndGlobal
